
Microsoft Visual Studio Solution File, Format Version 12.00
# Visual Studio Version 17
VisualStudioVersion = 17.7.34024.191
MinimumVisualStudioVersion = 10.0.40219.1
Project("{2150E333-8FDC-42A3-9474-1A3956D46DE8}") = "Task0", "Task0", "{E255644A-A8BF-4053-BCA7-0D0C18BAD0BB}"
EndProject
Project("{FAE04EC0-301F-11D3-BF4B-00C04F79EFBC}") = "Tyuiu.NasyrovaVR.Sprint0.Task0.V0", "Tyuiu.NasyrovaVR.Sprint0.Task0.V0\Tyuiu.NasyrovaVR.Sprint0.Task0.V0.csproj", "{AFD5683C-DAC6-4EDD-AC10-31E21C1DCCF0}"
EndProject
Global
	GlobalSection(SolutionConfigurationPlatforms) = preSolution
		Debug|Any CPU = Debug|Any CPU
		Release|Any CPU = Release|Any CPU
	EndGlobalSection
	GlobalSection(ProjectConfigurationPlatforms) = postSolution
		{AFD5683C-DAC6-4EDD-AC10-31E21C1DCCF0}.Debug|Any CPU.ActiveCfg = Debug|Any CPU
		{AFD5683C-DAC6-4EDD-AC10-31E21C1DCCF0}.Debug|Any CPU.Build.0 = Debug|Any CPU
		{AFD5683C-DAC6-4EDD-AC10-31E21C1DCCF0}.Release|Any CPU.ActiveCfg = Release|Any CPU
		{AFD5683C-DAC6-4EDD-AC10-31E21C1DCCF0}.Release|Any CPU.Build.0 = Release|Any CPU
	EndGlobalSection
	GlobalSection(SolutionProperties) = preSolution
		HideSolutionNode = FALSE
	EndGlobalSection
	GlobalSection(NestedProjects) = preSolution
		{AFD5683C-DAC6-4EDD-AC10-31E21C1DCCF0} = {E255644A-A8BF-4053-BCA7-0D0C18BAD0BB}
	EndGlobalSection
	GlobalSection(ExtensibilityGlobals) = postSolution
		SolutionGuid = {D1A1F250-3515-44D8-8636-AEA677A1B9DB}
	EndGlobalSection
EndGlobal
